// !$*UTF8*$!
{
	archiveVersion = 1;
	classes = {
	};
	objectVersion = 50;
	objects = {

/* Begin PBXBuildFile section */
		66270872263BB6FC0020AE99 /* SwiftUI_TwitterApp.swift in Sources */ = {isa = PBXBuildFile; fileRef = 66270871263BB6FC0020AE99 /* SwiftUI_TwitterApp.swift */; };
		66270874263BB6FC0020AE99 /* MainTabView.swift in Sources */ = {isa = PBXBuildFile; fileRef = 66270873263BB6FC0020AE99 /* MainTabView.swift */; };
		66270876263BB6FF0020AE99 /* Assets.xcassets in Resources */ = {isa = PBXBuildFile; fileRef = 66270875263BB6FF0020AE99 /* Assets.xcassets */; };
		66270879263BB6FF0020AE99 /* Preview Assets.xcassets in Resources */ = {isa = PBXBuildFile; fileRef = 66270878263BB6FF0020AE99 /* Preview Assets.xcassets */; };
		66270887263BB8F30020AE99 /* Home.swift in Sources */ = {isa = PBXBuildFile; fileRef = 66270886263BB8F30020AE99 /* Home.swift */; };
		66270889263BB9170020AE99 /* Explore.swift in Sources */ = {isa = PBXBuildFile; fileRef = 66270888263BB9170020AE99 /* Explore.swift */; };
		6627088B263BB9350020AE99 /* Notifications.swift in Sources */ = {isa = PBXBuildFile; fileRef = 6627088A263BB9350020AE99 /* Notifications.swift */; };
		6627088D263BB9610020AE99 /* Messages.swift in Sources */ = {isa = PBXBuildFile; fileRef = 6627088C263BB9610020AE99 /* Messages.swift */; };
		663E66FE2645ECB3004D94EF /* Authentication.swift in Sources */ = {isa = PBXBuildFile; fileRef = 663E66FD2645ECB3004D94EF /* Authentication.swift */; };
		669938922642E71900E9F7D0 /* ToolBar.swift in Sources */ = {isa = PBXBuildFile; fileRef = 669938912642E71900E9F7D0 /* ToolBar.swift */; };
		669938952642EFAE00E9F7D0 /* Color.swift in Sources */ = {isa = PBXBuildFile; fileRef = 669938942642EFAE00E9F7D0 /* Color.swift */; };
		66C93805264348730064EA30 /* SideMenu.swift in Sources */ = {isa = PBXBuildFile; fileRef = 66C93804264348730064EA30 /* SideMenu.swift */; };
		66C93807264357EC0064EA30 /* SideMenuData.swift in Sources */ = {isa = PBXBuildFile; fileRef = 66C93806264357EC0064EA30 /* SideMenuData.swift */; };
		66FC75182644BAD40036B756 /* Profile.swift in Sources */ = {isa = PBXBuildFile; fileRef = 66FC75172644BAD40036B756 /* Profile.swift */; };
/* End PBXBuildFile section */

/* Begin PBXFileReference section */
		6627086E263BB6FC0020AE99 /* SwiftUI-Twitter.app */ = {isa = PBXFileReference; explicitFileType = wrapper.application; includeInIndex = 0; path = "SwiftUI-Twitter.app"; sourceTree = BUILT_PRODUCTS_DIR; };
		66270871263BB6FC0020AE99 /* SwiftUI_TwitterApp.swift */ = {isa = PBXFileReference; lastKnownFileType = sourcecode.swift; path = SwiftUI_TwitterApp.swift; sourceTree = "<group>"; };
		66270873263BB6FC0020AE99 /* MainTabView.swift */ = {isa = PBXFileReference; lastKnownFileType = sourcecode.swift; path = MainTabView.swift; sourceTree = "<group>"; };
		66270875263BB6FF0020AE99 /* Assets.xcassets */ = {isa = PBXFileReference; lastKnownFileType = folder.assetcatalog; path = Assets.xcassets; sourceTree = "<group>"; };
		66270878263BB6FF0020AE99 /* Preview Assets.xcassets */ = {isa = PBXFileReference; lastKnownFileType = folder.assetcatalog; path = "Preview Assets.xcassets"; sourceTree = "<group>"; };
		6627087A263BB6FF0020AE99 /* Info.plist */ = {isa = PBXFileReference; lastKnownFileType = text.plist.xml; path = Info.plist; sourceTree = "<group>"; };
		66270886263BB8F30020AE99 /* Home.swift */ = {isa = PBXFileReference; lastKnownFileType = sourcecode.swift; path = Home.swift; sourceTree = "<group>"; };
		66270888263BB9170020AE99 /* Explore.swift */ = {isa = PBXFileReference; lastKnownFileType = sourcecode.swift; path = Explore.swift; sourceTree = "<group>"; };
		6627088A263BB9350020AE99 /* Notifications.swift */ = {isa = PBXFileReference; lastKnownFileType = sourcecode.swift; path = Notifications.swift; sourceTree = "<group>"; };
		6627088C263BB9610020AE99 /* Messages.swift */ = {isa = PBXFileReference; lastKnownFileType = sourcecode.swift; path = Messages.swift; sourceTree = "<group>"; };
		663E66FD2645ECB3004D94EF /* Authentication.swift */ = {isa = PBXFileReference; lastKnownFileType = sourcecode.swift; path = Authentication.swift; sourceTree = "<group>"; };
		669938912642E71900E9F7D0 /* ToolBar.swift */ = {isa = PBXFileReference; lastKnownFileType = sourcecode.swift; path = ToolBar.swift; sourceTree = "<group>"; };
		669938942642EFAE00E9F7D0 /* Color.swift */ = {isa = PBXFileReference; lastKnownFileType = sourcecode.swift; path = Color.swift; sourceTree = "<group>"; };
		66C93804264348730064EA30 /* SideMenu.swift */ = {isa = PBXFileReference; lastKnownFileType = sourcecode.swift; path = SideMenu.swift; sourceTree = "<group>"; };
		66C93806264357EC0064EA30 /* SideMenuData.swift */ = {isa = PBXFileReference; lastKnownFileType = sourcecode.swift; path = SideMenuData.swift; sourceTree = "<group>"; };
		66FC75172644BAD40036B756 /* Profile.swift */ = {isa = PBXFileReference; lastKnownFileType = sourcecode.swift; path = Profile.swift; sourceTree = "<group>"; };
/* End PBXFileReference section */

/* Begin PBXFrameworksBuildPhase section */
		6627086B263BB6FC0020AE99 /* Frameworks */ = {
			isa = PBXFrameworksBuildPhase;
			buildActionMask = 2147483647;
			files = (
			);
			runOnlyForDeploymentPostprocessing = 0;
		};
/* End PBXFrameworksBuildPhase section */

/* Begin PBXGroup section */
		66270865263BB6FC0020AE99 = {
			isa = PBXGroup;
			children = (
				66270870263BB6FC0020AE99 /* SwiftUI-Twitter */,
				6627086F263BB6FC0020AE99 /* Products */,
			);
			sourceTree = "<group>";
		};
		6627086F263BB6FC0020AE99 /* Products */ = {
			isa = PBXGroup;
			children = (
				6627086E263BB6FC0020AE99 /* SwiftUI-Twitter.app */,
			);
			name = Products;
			sourceTree = "<group>";
		};
		66270870263BB6FC0020AE99 /* SwiftUI-Twitter */ = {
			isa = PBXGroup;
			children = (
				66270871263BB6FC0020AE99 /* SwiftUI_TwitterApp.swift */,
				66270873263BB6FC0020AE99 /* MainTabView.swift */,
				66270883263BB7790020AE99 /* API */,
				66270880263BB7480020AE99 /* Models */,
				66270881263BB7500020AE99 /* Views */,
				66270882263BB76C0020AE99 /* ViewModels */,
				66270885263BB7B20020AE99 /* Screens */,
				669938932642EF7A00E9F7D0 /* Extensions */,
				66270884263BB7820020AE99 /* Helpers */,
				66270875263BB6FF0020AE99 /* Assets.xcassets */,
				6627087A263BB6FF0020AE99 /* Info.plist */,
				66270877263BB6FF0020AE99 /* Preview Content */,
			);
			path = "SwiftUI-Twitter";
			sourceTree = "<group>";
		};
		66270877263BB6FF0020AE99 /* Preview Content */ = {
			isa = PBXGroup;
			children = (
				66270878263BB6FF0020AE99 /* Preview Assets.xcassets */,
			);
			path = "Preview Content";
			sourceTree = "<group>";
		};
		66270880263BB7480020AE99 /* Models */ = {
			isa = PBXGroup;
			children = (
			);
			path = Models;
			sourceTree = "<group>";
		};
		66270881263BB7500020AE99 /* Views */ = {
			isa = PBXGroup;
			children = (
				669938912642E71900E9F7D0 /* ToolBar.swift */,
				66FC75162644BA610036B756 /* SideMenu */,
			);
			path = Views;
			sourceTree = "<group>";
		};
		66270882263BB76C0020AE99 /* ViewModels */ = {
			isa = PBXGroup;
			children = (
			);
			path = ViewModels;
			sourceTree = "<group>";
		};
		66270883263BB7790020AE99 /* API */ = {
			isa = PBXGroup;
			children = (
			);
			path = API;
			sourceTree = "<group>";
		};
		66270884263BB7820020AE99 /* Helpers */ = {
			isa = PBXGroup;
			children = (
				66C93806264357EC0064EA30 /* SideMenuData.swift */,
			);
			path = Helpers;
			sourceTree = "<group>";
		};
		66270885263BB7B20020AE99 /* Screens */ = {
			isa = PBXGroup;
			children = (
				66270886263BB8F30020AE99 /* Home.swift */,
				66270888263BB9170020AE99 /* Explore.swift */,
				6627088A263BB9350020AE99 /* Notifications.swift */,
				6627088C263BB9610020AE99 /* Messages.swift */,
				66FC75172644BAD40036B756 /* Profile.swift */,
				663E66FD2645ECB3004D94EF /* Authentication.swift */,
			);
			path = Screens;
			sourceTree = "<group>";
		};
		669938932642EF7A00E9F7D0 /* Extensions */ = {
			isa = PBXGroup;
			children = (
				669938942642EFAE00E9F7D0 /* Color.swift */,
			);
			path = Extensions;
			sourceTree = "<group>";
		};
		66FC75162644BA610036B756 /* SideMenu */ = {
			isa = PBXGroup;
			children = (
				66C93804264348730064EA30 /* SideMenu.swift */,
			);
			path = SideMenu;
			sourceTree = "<group>";
		};
/* End PBXGroup section */

/* Begin PBXNativeTarget section */
		6627086D263BB6FC0020AE99 /* SwiftUI-Twitter */ = {
			isa = PBXNativeTarget;
			buildConfigurationList = 6627087D263BB6FF0020AE99 /* Build configuration list for PBXNativeTarget "SwiftUI-Twitter" */;
			buildPhases = (
				6627086A263BB6FC0020AE99 /* Sources */,
				6627086B263BB6FC0020AE99 /* Frameworks */,
				6627086C263BB6FC0020AE99 /* Resources */,
			);
			buildRules = (
			);
			dependencies = (
			);
			name = "SwiftUI-Twitter";
			packageProductDependencies = (
			);
			productName = "SwiftUI-Twitter";
			productReference = 6627086E263BB6FC0020AE99 /* SwiftUI-Twitter.app */;
			productType = "com.apple.product-type.application";
		};
/* End PBXNativeTarget section */

/* Begin PBXProject section */
		66270866263BB6FC0020AE99 /* Project object */ = {
			isa = PBXProject;
			attributes = {
				LastSwiftUpdateCheck = 1250;
				LastUpgradeCheck = 1250;
				TargetAttributes = {
					6627086D263BB6FC0020AE99 = {
						CreatedOnToolsVersion = 12.5;
					};
				};
			};
			buildConfigurationList = 66270869263BB6FC0020AE99 /* Build configuration list for PBXProject "SwiftUI-Twitter" */;
			compatibilityVersion = "Xcode 9.3";
			developmentRegion = en;
			hasScannedForEncodings = 0;
			knownRegions = (
				en,
				Base,
			);
			mainGroup = 66270865263BB6FC0020AE99;
			packageReferences = (
			);
			productRefGroup = 6627086F263BB6FC0020AE99 /* Products */;
			projectDirPath = "";
			projectRoot = "";
			targets = (
				6627086D263BB6FC0020AE99 /* SwiftUI-Twitter */,
			);
		};
/* End PBXProject section */

/* Begin PBXResourcesBuildPhase section */
		6627086C263BB6FC0020AE99 /* Resources */ = {
			isa = PBXResourcesBuildPhase;
			buildActionMask = 2147483647;
			files = (
				66270879263BB6FF0020AE99 /* Preview Assets.xcassets in Resources */,
				66270876263BB6FF0020AE99 /* Assets.xcassets in Resources */,
			);
			runOnlyForDeploymentPostprocessing = 0;
		};
/* End PBXResourcesBuildPhase section */

/* Begin PBXSourcesBuildPhase section */
		6627086A263BB6FC0020AE99 /* Sources */ = {
			isa = PBXSourcesBuildPhase;
			buildActionMask = 2147483647;
			files = (
				6627088D263BB9610020AE99 /* Messages.swift in Sources */,
				6627088B263BB9350020AE99 /* Notifications.swift in Sources */,
				66270874263BB6FC0020AE99 /* MainTabView.swift in Sources */,
				66C93805264348730064EA30 /* SideMenu.swift in Sources */,
				66270889263BB9170020AE99 /* Explore.swift in Sources */,
				669938922642E71900E9F7D0 /* ToolBar.swift in Sources */,
				669938952642EFAE00E9F7D0 /* Color.swift in Sources */,
				66270887263BB8F30020AE99 /* Home.swift in Sources */,
				66FC75182644BAD40036B756 /* Profile.swift in Sources */,
				66270872263BB6FC0020AE99 /* SwiftUI_TwitterApp.swift in Sources */,
				66C93807264357EC0064EA30 /* SideMenuData.swift in Sources */,
				663E66FE2645ECB3004D94EF /* Authentication.swift in Sources */,
			);
			runOnlyForDeploymentPostprocessing = 0;
		};
/* End PBXSourcesBuildPhase section */

/* Begin XCBuildConfiguration section */
		6627087B263BB6FF0020AE99 /* Debug */ = {
			isa = XCBuildConfiguration;
			buildSettings = {
				ALWAYS_SEARCH_USER_PATHS = NO;
				CLANG_ANALYZER_NONNULL = YES;
				CLANG_ANALYZER_NUMBER_OBJECT_CONVERSION = YES_AGGRESSIVE;
				CLANG_CXX_LANGUAGE_STANDARD = "gnu++14";
				CLANG_CXX_LIBRARY = "libc++";
				CLANG_ENABLE_MODULES = YES;
				CLANG_ENABLE_OBJC_ARC = YES;
				CLANG_ENABLE_OBJC_WEAK = YES;
				CLANG_WARN_BLOCK_CAPTURE_AUTORELEASING = YES;
				CLANG_WARN_BOOL_CONVERSION = YES;
				CLANG_WARN_COMMA = YES;
				CLANG_WARN_CONSTANT_CONVERSION = YES;
				CLANG_WARN_DEPRECATED_OBJC_IMPLEMENTATIONS = YES;
				CLANG_WARN_DIRECT_OBJC_ISA_USAGE = YES_ERROR;
				CLANG_WARN_DOCUMENTATION_COMMENTS = YES;
				CLANG_WARN_EMPTY_BODY = YES;
				CLANG_WARN_ENUM_CONVERSION = YES;
				CLANG_WARN_INFINITE_RECURSION = YES;
				CLANG_WARN_INT_CONVERSION = YES;
				CLANG_WARN_NON_LITERAL_NULL_CONVERSION = YES;
				CLANG_WARN_OBJC_IMPLICIT_RETAIN_SELF = YES;
				CLANG_WARN_OBJC_LITERAL_CONVERSION = YES;
				CLANG_WARN_OBJC_ROOT_CLASS = YES_ERROR;
				CLANG_WARN_QUOTED_INCLUDE_IN_FRAMEWORK_HEADER = YES;
				CLANG_WARN_RANGE_LOOP_ANALYSIS = YES;
				CLANG_WARN_STRICT_PROTOTYPES = YES;
				CLANG_WARN_SUSPICIOUS_MOVE = YES;
				CLANG_WARN_UNGUARDED_AVAILABILITY = YES_AGGRESSIVE;
				CLANG_WARN_UNREACHABLE_CODE = YES;
				CLANG_WARN__DUPLICATE_METHOD_MATCH = YES;
				COPY_PHASE_STRIP = NO;
				DEBUG_INFORMATION_FORMAT = dwarf;
				ENABLE_STRICT_OBJC_MSGSEND = YES;
				ENABLE_TESTABILITY = YES;
				GCC_C_LANGUAGE_STANDARD = gnu11;
				GCC_DYNAMIC_NO_PIC = NO;
				GCC_NO_COMMON_BLOCKS = YES;
				GCC_OPTIMIZATION_LEVEL = 0;
				GCC_PREPROCESSOR_DEFINITIONS = (
					"DEBUG=1",
					"$(inherited)",
				);
				GCC_WARN_64_TO_32_BIT_CONVERSION = YES;
				GCC_WARN_ABOUT_RETURN_TYPE = YES_ERROR;
				GCC_WARN_UNDECLARED_SELECTOR = YES;
				GCC_WARN_UNINITIALIZED_AUTOS = YES_AGGRESSIVE;
				GCC_WARN_UNUSED_FUNCTION = YES;
				GCC_WARN_UNUSED_VARIABLE = YES;
				IPHONEOS_DEPLOYMENT_TARGET = 14.5;
				MTL_ENABLE_DEBUG_INFO = INCLUDE_SOURCE;
				MTL_FAST_MATH = YES;
				ONLY_ACTIVE_ARCH = YES;
				SDKROOT = iphoneos;
				SWIFT_ACTIVE_COMPILATION_CONDITIONS = DEBUG;
				SWIFT_OPTIMIZATION_LEVEL = "-Onone";
			};
			name = Debug;
		};
		6627087C263BB6FF0020AE99 /* Release */ = {
			isa = XCBuildConfiguration;
			buildSettings = {
				ALWAYS_SEARCH_USER_PATHS = NO;
				CLANG_ANALYZER_NONNULL = YES;
				CLANG_ANALYZER_NUMBER_OBJECT_CONVERSION = YES_AGGRESSIVE;
				CLANG_CXX_LANGUAGE_STANDARD = "gnu++14";
				CLANG_CXX_LIBRARY = "libc++";
				CLANG_ENABLE_MODULES = YES;
				CLANG_ENABLE_OBJC_ARC = YES;
				CLANG_ENABLE_OBJC_WEAK = YES;
				CLANG_WARN_BLOCK_CAPTURE_AUTORELEASING = YES;
				CLANG_WARN_BOOL_CONVERSION = YES;
				CLANG_WARN_COMMA = YES;
				CLANG_WARN_CONSTANT_CONVERSION = YES;
				CLANG_WARN_DEPRECATED_OBJC_IMPLEMENTATIONS = YES;
				CLANG_WARN_DIRECT_OBJC_ISA_USAGE = YES_ERROR;
				CLANG_WARN_DOCUMENTATION_COMMENTS = YES;
				CLANG_WARN_EMPTY_BODY = YES;
				CLANG_WARN_ENUM_CONVERSION = YES;
				CLANG_WARN_INFINITE_RECURSION = YES;
				CLANG_WARN_INT_CONVERSION = YES;
				CLANG_WARN_NON_LITERAL_NULL_CONVERSION = YES;
				CLANG_WARN_OBJC_IMPLICIT_RETAIN_SELF = YES;
				CLANG_WARN_OBJC_LITERAL_CONVERSION = YES;
				CLANG_WARN_OBJC_ROOT_CLASS = YES_ERROR;
				CLANG_WARN_QUOTED_INCLUDE_IN_FRAMEWORK_HEADER = YES;
				CLANG_WARN_RANGE_LOOP_ANALYSIS = YES;
				CLANG_WARN_STRICT_PROTOTYPES = YES;
				CLANG_WARN_SUSPICIOUS_MOVE = YES;
				CLANG_WARN_UNGUARDED_AVAILABILITY = YES_AGGRESSIVE;
				CLANG_WARN_UNREACHABLE_CODE = YES;
				CLANG_WARN__DUPLICATE_METHOD_MATCH = YES;
				COPY_PHASE_STRIP = NO;
				DEBUG_INFORMATION_FORMAT = "dwarf-with-dsym";
				ENABLE_NS_ASSERTIONS = NO;
				ENABLE_STRICT_OBJC_MSGSEND = YES;
				GCC_C_LANGUAGE_STANDARD = gnu11;
				GCC_NO_COMMON_BLOCKS = YES;
				GCC_WARN_64_TO_32_BIT_CONVERSION = YES;
				GCC_WARN_ABOUT_RETURN_TYPE = YES_ERROR;
				GCC_WARN_UNDECLARED_SELECTOR = YES;
				GCC_WARN_UNINITIALIZED_AUTOS = YES_AGGRESSIVE;
				GCC_WARN_UNUSED_FUNCTION = YES;
				GCC_WARN_UNUSED_VARIABLE = YES;
				IPHONEOS_DEPLOYMENT_TARGET = 14.5;
				MTL_ENABLE_DEBUG_INFO = NO;
				MTL_FAST_MATH = YES;
				SDKROOT = iphoneos;
				SWIFT_COMPILATION_MODE = wholemodule;
				SWIFT_OPTIMIZATION_LEVEL = "-O";
				VALIDATE_PRODUCT = YES;
			};
			name = Release;
		};
		6627087E263BB6FF0020AE99 /* Debug */ = {
			isa = XCBuildConfiguration;
			buildSettings = {
				ASSETCATALOG_COMPILER_APPICON_NAME = AppIcon;
				ASSETCATALOG_COMPILER_GLOBAL_ACCENT_COLOR_NAME = AccentColor;
				CODE_SIGN_STYLE = Automatic;
				DEVELOPMENT_ASSET_PATHS = "\"SwiftUI-Twitter/Preview Content\"";
				DEVELOPMENT_TEAM = 335ZCP6WMN;
				ENABLE_PREVIEWS = YES;
				INFOPLIST_FILE = "SwiftUI-Twitter/Info.plist";
				IPHONEOS_DEPLOYMENT_TARGET = 14.0;
				LD_RUNPATH_SEARCH_PATHS = (
					"$(inherited)",
					"@executable_path/Frameworks",
				);
				PRODUCT_BUNDLE_IDENTIFIER = "com.SwiftUI-Twitter";
				PRODUCT_NAME = "$(TARGET_NAME)";
				SWIFT_VERSION = 5.0;
				TARGETED_DEVICE_FAMILY = "1,2";
			};
			name = Debug;
		};
		6627087F263BB6FF0020AE99 /* Release */ = {
			isa = XCBuildConfiguration;
			buildSettings = {
				ASSETCATALOG_COMPILER_APPICON_NAME = AppIcon;
				ASSETCATALOG_COMPILER_GLOBAL_ACCENT_COLOR_NAME = AccentColor;
				CODE_SIGN_STYLE = Automatic;
				DEVELOPMENT_ASSET_PATHS = "\"SwiftUI-Twitter/Preview Content\"";
				DEVELOPMENT_TEAM = 335ZCP6WMN;
				ENABLE_PREVIEWS = YES;
				INFOPLIST_FILE = "SwiftUI-Twitter/Info.plist";
				IPHONEOS_DEPLOYMENT_TARGET = 14.0;
				LD_RUNPATH_SEARCH_PATHS = (
					"$(inherited)",
					"@executable_path/Frameworks",
				);
				PRODUCT_BUNDLE_IDENTIFIER = "com.SwiftUI-Twitter";
				PRODUCT_NAME = "$(TARGET_NAME)";
				SWIFT_VERSION = 5.0;
				TARGETED_DEVICE_FAMILY = "1,2";
			};
			name = Release;
		};
/* End XCBuildConfiguration section */

/* Begin XCConfigurationList section */
		66270869263BB6FC0020AE99 /* Build configuration list for PBXProject "SwiftUI-Twitter" */ = {
			isa = XCConfigurationList;
			buildConfigurations = (
				6627087B263BB6FF0020AE99 /* Debug */,
				6627087C263BB6FF0020AE99 /* Release */,
			);
			defaultConfigurationIsVisible = 0;
			defaultConfigurationName = Release;
		};
		6627087D263BB6FF0020AE99 /* Build configuration list for PBXNativeTarget "SwiftUI-Twitter" */ = {
			isa = XCConfigurationList;
			buildConfigurations = (
				6627087E263BB6FF0020AE99 /* Debug */,
				6627087F263BB6FF0020AE99 /* Release */,
			);
			defaultConfigurationIsVisible = 0;
			defaultConfigurationName = Release;
		};
/* End XCConfigurationList section */
	};
	rootObject = 66270866263BB6FC0020AE99 /* Project object */;
}
